
Microsoft Visual Studio Solution File, Format Version 12.00
# Visual Studio Version 17
VisualStudioVersion = 17.7.34031.279
MinimumVisualStudioVersion = 10.0.40219.1
Project("{8BC9CEB8-8B4A-11D0-8D11-00A0C91BC942}") = "hw41", "hw41.vcxproj", "{AC4854F6-C401-4EE5-BB03-EDC50AF21370}"
EndProject
Project("{8BC9CEB8-8B4A-11D0-8D11-00A0C91BC942}") = "hw41_advance", "..\hw41_advance\hw41_advance.vcxproj", "{7B9E6F11-B1A6-44DB-978C-E262BD476EDA}"
EndProject
Global
	GlobalSection(SolutionConfigurationPlatforms) = preSolution
		Debug|x64 = Debug|x64
		Debug|x86 = Debug|x86
		Release|x64 = Release|x64
		Release|x86 = Release|x86
	EndGlobalSection
	GlobalSection(ProjectConfigurationPlatforms) = postSolution
		{AC4854F6-C401-4EE5-BB03-EDC50AF21370}.Debug|x64.ActiveCfg = Debug|x64
		{AC4854F6-C401-4EE5-BB03-EDC50AF21370}.Debug|x64.Build.0 = Debug|x64
		{AC4854F6-C401-4EE5-BB03-EDC50AF21370}.Debug|x86.ActiveCfg = Debug|Win32
		{AC4854F6-C401-4EE5-BB03-EDC50AF21370}.Debug|x86.Build.0 = Debug|Win32
		{AC4854F6-C401-4EE5-BB03-EDC50AF21370}.Release|x64.ActiveCfg = Release|x64
		{AC4854F6-C401-4EE5-BB03-EDC50AF21370}.Release|x64.Build.0 = Release|x64
		{AC4854F6-C401-4EE5-BB03-EDC50AF21370}.Release|x86.ActiveCfg = Release|Win32
		{AC4854F6-C401-4EE5-BB03-EDC50AF21370}.Release|x86.Build.0 = Release|Win32
		{7B9E6F11-B1A6-44DB-978C-E262BD476EDA}.Debug|x64.ActiveCfg = Debug|x64
		{7B9E6F11-B1A6-44DB-978C-E262BD476EDA}.Debug|x64.Build.0 = Debug|x64
		{7B9E6F11-B1A6-44DB-978C-E262BD476EDA}.Debug|x86.ActiveCfg = Debug|Win32
		{7B9E6F11-B1A6-44DB-978C-E262BD476EDA}.Debug|x86.Build.0 = Debug|Win32
		{7B9E6F11-B1A6-44DB-978C-E262BD476EDA}.Release|x64.ActiveCfg = Release|x64
		{7B9E6F11-B1A6-44DB-978C-E262BD476EDA}.Release|x64.Build.0 = Release|x64
		{7B9E6F11-B1A6-44DB-978C-E262BD476EDA}.Release|x86.ActiveCfg = Release|Win32
		{7B9E6F11-B1A6-44DB-978C-E262BD476EDA}.Release|x86.Build.0 = Release|Win32
	EndGlobalSection
	GlobalSection(SolutionProperties) = preSolution
		HideSolutionNode = FALSE
	EndGlobalSection
	GlobalSection(ExtensibilityGlobals) = postSolution
		SolutionGuid = {EF042F57-DD71-47B6-9B4A-5B53B5712565}
	EndGlobalSection
EndGlobal
